
Microsoft Visual Studio Solution File, Format Version 12.00
# Visual Studio Version 17
VisualStudioVersion = 17.5.33424.131
MinimumVisualStudioVersion = 10.0.40219.1
Project("{FAE04EC0-301F-11D3-BF4B-00C04F79EFBC}") = "Basic_programs", "Basic_programs\Basic_programs.csproj", "{89630840-FCDB-4AB8-9F43-8A58D1F608A9}"
EndProject
Global
	GlobalSection(SolutionConfigurationPlatforms) = preSolution
		Debug|Any CPU = Debug|Any CPU
		Release|Any CPU = Release|Any CPU
	EndGlobalSection
	GlobalSection(ProjectConfigurationPlatforms) = postSolution
		{89630840-FCDB-4AB8-9F43-8A58D1F608A9}.Debug|Any CPU.ActiveCfg = Debug|Any CPU
		{89630840-FCDB-4AB8-9F43-8A58D1F608A9}.Debug|Any CPU.Build.0 = Debug|Any CPU
		{89630840-FCDB-4AB8-9F43-8A58D1F608A9}.Release|Any CPU.ActiveCfg = Release|Any CPU
		{89630840-FCDB-4AB8-9F43-8A58D1F608A9}.Release|Any CPU.Build.0 = Release|Any CPU
	EndGlobalSection
	GlobalSection(SolutionProperties) = preSolution
		HideSolutionNode = FALSE
	EndGlobalSection
	GlobalSection(ExtensibilityGlobals) = postSolution
		SolutionGuid = {54AA4199-8BCD-490C-874C-B6CCD3851016}
	EndGlobalSection
EndGlobal
